Microsoft Visual Studio Solution File, Format Version 12.00
# Visual Studio Version 17
VisualStudioVersion = 17.5.2.0
MinimumVisualStudioVersion = 10.0.40219.1
Project("{FAE04EC0-301F-11D3-BF4B-00C04F79EFBC}") = "Ornek1", "Ornek1.csproj", "{31A9005E-E054-BAC9-B0C1-AC1FD6908704}"
EndProject
Global
	GlobalSection(SolutionConfigurationPlatforms) = preSolution
		Debug|Any CPU = Debug|Any CPU
		Release|Any CPU = Release|Any CPU
	EndGlobalSection
	GlobalSection(ProjectConfigurationPlatforms) = postSolution
		{31A9005E-E054-BAC9-B0C1-AC1FD6908704}.Debug|Any CPU.ActiveCfg = Debug|Any CPU
		{31A9005E-E054-BAC9-B0C1-AC1FD6908704}.Debug|Any CPU.Build.0 = Debug|Any CPU
		{31A9005E-E054-BAC9-B0C1-AC1FD6908704}.Release|Any CPU.ActiveCfg = Release|Any CPU
		{31A9005E-E054-BAC9-B0C1-AC1FD6908704}.Release|Any CPU.Build.0 = Release|Any CPU
	EndGlobalSection
	GlobalSection(SolutionProperties) = preSolution
		HideSolutionNode = FALSE
	EndGlobalSection
	GlobalSection(ExtensibilityGlobals) = postSolution
		SolutionGuid = {DFF1AA27-F925-410B-85E0-1E5AA3A6B46A}
	EndGlobalSection
EndGlobal
